[[package]]
category = "dev"
description = "Atomic file writes."
name = "atomicwrites"
optional = false
python-versions = ">=2.7, !=3.0.*, !=3.1.*, !=3.2.*, !=3.3.*"
version = "1.4.0"

[[package]]
category = "dev"
description = "Classes Without Boilerplate"
name = "attrs"
optional = false
python-versions = ">=2.7, !=3.0.*, !=3.1.*, !=3.2.*, !=3.3.*"
version = "19.3.0"

[package.extras]
azure-pipelines = ["coverage", "hypothesis", "pympler", "pytest (>=4.3.0)", "six", "zope.interface", "pytest-azurepipelines"]
dev = ["coverage", "hypothesis", "pympler", "pytest (>=4.3.0)", "six", "zope.interface", "sphinx", "pre-commit"]
docs = ["sphinx", "zope.interface"]
tests = ["coverage", "hypothesis", "pympler", "pytest (>=4.3.0)", "six", "zope.interface"]

[[package]]
category = "dev"
description = "Standardized logging tool and format for cdis applications"
name = "cdislogging"
optional = false
python-versions = "*"
version = "1.0.0"

[[package]]
category = "dev"
description = "Python package for providing Mozilla's CA Bundle."
name = "certifi"
optional = false
python-versions = "*"
version = "2020.6.20"

[[package]]
category = "dev"
description = "Universal encoding detector for Python 2 and 3"
name = "chardet"
optional = false
python-versions = "*"
version = "3.0.4"

[[package]]
category = "dev"
description = "Composable command line interface toolkit"
name = "click"
optional = false
python-versions = ">=2.7, !=3.0.*, !=3.1.*, !=3.2.*, !=3.3.*, !=3.4.*"
version = "7.1.2"

[[package]]
category = "dev"
description = "Codacy coverage reporter for Python"
name = "codacy-coverage"
optional = false
python-versions = "*"
version = "1.3.11"

[package.dependencies]
requests = ">=2.9.1"

[package.extras]
dev = ["check-manifest"]
test = ["coverage", "nosetests"]

[[package]]
category = "dev"
description = "Cross-platform colored terminal text."
marker = "sys_platform == \"win32\""
name = "colorama"
optional = false
python-versions = ">=2.7, !=3.0.*, !=3.1.*, !=3.2.*, !=3.3.*, !=3.4.*"
version = "0.4.3"

[[package]]
category = "dev"
description = "Code coverage measurement for Python"
name = "coverage"
optional = false
python-versions = ">=2.7, !=3.0.*, !=3.1.*, !=3.2.*, !=3.3.*, !=3.4.*, <4"
version = "5.2"

[package.extras]
toml = ["toml"]

[[package]]
category = "dev"
description = "Python @deprecated decorator to deprecate old python classes, functions or methods."
name = "deprecated"
optional = false
python-versions = ">=2.7, !=3.0.*, !=3.1.*, !=3.2.*, !=3.3.*"
version = "1.2.10"

[package.dependencies]
wrapt = ">=1.10,<2"

[package.extras]
dev = ["tox", "bumpversion (<1)", "sphinx (<2)", "PyTest (<5)", "PyTest-Cov (<2.6)", "pytest", "pytest-cov"]

[[package]]
category = "dev"
description = ""
name = "dictionaryutils"
optional = false
python-versions = "*"
version = "3.2.0"

[package.dependencies]
PyYAML = ">=5.1,<6.0"
cdislogging = ">=1.0,<2.0"
jsonschema = ">=3.2,<4.0"
requests = ">=2.18,<3.0"

[[package]]
category = "dev"
description = "Fast read/write of AVRO files"
name = "fastavro"
optional = false
python-versions = "*"
version = "0.23.5"

[package.dependencies]
pytz = "*"

[package.extras]
codecs = ["python-snappy", "zstandard", "lz4", "backports.lzma"]
lz4 = ["lz4"]
snappy = ["python-snappy"]
xz = ["backports.lzma"]
zstandard = ["zstandard"]

[[package]]
category = "dev"
description = "Gen3 generic data dictionary"
name = "gdcdictionary"
optional = false
python-versions = "*"
version = "1.2.0"

[package.dependencies]
PyYAML = ">=5.1,<6.0"
dictionaryutils = "*"
jsonschema = ">=2.5.1"

[[package]]
category = "dev"
description = "Helps with release."
name = "gen3git"
optional = false
python-versions = "*"
version = "0.3.3"

[package.dependencies]
PyGithub = "*"
gitpython = "*"
requests = "*"

[[package]]
category = "dev"
description = "Git Object Database"
name = "gitdb"
optional = false
python-versions = ">=3.4"
version = "4.0.5"

[package.dependencies]
smmap = ">=3.0.1,<4"

[[package]]
category = "dev"
description = "A mirror package for gitdb"
name = "gitdb2"
optional = false
python-versions = "*"
version = "4.0.2"

[package.dependencies]
gitdb = ">=4.0.1"

[[package]]
category = "dev"
description = "Python Git Library"
name = "gitpython"
optional = false
python-versions = ">=3.4"
version = "3.0.6"

[package.dependencies]
gitdb2 = ">=2.0.0"

[[package]]
category = "dev"
description = "Internationalized Domain Names in Applications (IDNA)"
name = "idna"
optional = false
python-versions = ">=2.7, !=3.0.*, !=3.1.*, !=3.2.*, !=3.3.*"
version = "2.10"

[[package]]
category = "dev"
description = "Read metadata from Python packages"
marker = "python_version < \"3.8\""
name = "importlib-metadata"
optional = false
python-versions = "!=3.0.*,!=3.1.*,!=3.2.*,!=3.3.*,!=3.4.*,>=2.7"
version = "1.7.0"

[package.dependencies]
zipp = ">=0.5"

[package.extras]
docs = ["sphinx", "rst.linker"]
testing = ["packaging", "pep517", "importlib-resources (>=1.3)"]

[[package]]
category = "dev"
description = "An implementation of JSON Schema validation for Python"
name = "jsonschema"
optional = false
python-versions = "*"
version = "3.2.0"

[package.dependencies]
attrs = ">=17.4.0"
pyrsistent = ">=0.14.0"
setuptools = "*"
six = ">=1.11.0"

[package.dependencies.importlib-metadata]
python = "<3.8"
version = "*"

[package.extras]
format = ["idna", "jsonpointer (>1.13)", "rfc3987", "strict-rfc3339", "webcolors"]
format_nongpl = ["idna", "jsonpointer (>1.13)", "webcolors", "rfc3986-validator (>0.1.0)", "rfc3339-validator"]

[[package]]
category = "dev"
description = "More routines for operating on iterables, beyond itertools"
name = "more-itertools"
optional = false
python-versions = "*"
version = "5.0.0"

[package.dependencies]
six = ">=1.0.0,<2.0.0"

[[package]]
category = "dev"
description = "plugin and hook calling mechanisms for python"
name = "pluggy"
optional = false
python-versions = ">=2.7, !=3.0.*, !=3.1.*, !=3.2.*, !=3.3.*"
version = "0.13.1"

[package.dependencies]
[package.dependencies.importlib-metadata]
python = "<3.8"
version = ">=0.12"

[package.extras]
dev = ["pre-commit", "tox"]

[[package]]
category = "dev"
description = "library with cross-python path, ini-parsing, io, code, log facilities"
name = "py"
optional = false
python-versions = ">=2.7, !=3.0.*, !=3.1.*, !=3.2.*, !=3.3.*"
version = "1.9.0"

[[package]]
category = "dev"
description = "Use the full Github API v3"
name = "pygithub"
optional = false
python-versions = ">=3.5"
version = "1.51"

[package.dependencies]
deprecated = "*"
pyjwt = "*"
requests = ">=2.14.0"

[package.extras]
integrations = ["cryptography"]

[[package]]
category = "dev"
description = "JSON Web Token implementation in Python"
name = "pyjwt"
optional = false
python-versions = "*"
version = "1.7.1"

[package.extras]
crypto = ["cryptography (>=1.4)"]
flake8 = ["flake8", "flake8-import-order", "pep8-naming"]
test = ["pytest (>=4.0.1,<5.0.0)", "pytest-cov (>=2.6.0,<3.0.0)", "pytest-runner (>=4.2,<5.0.0)"]

[[package]]
category = "dev"
description = "Persistent/Functional/Immutable data structures"
name = "pyrsistent"
optional = false
python-versions = "*"
version = "0.16.0"

[package.dependencies]
six = "*"

[[package]]
category = "dev"
description = "pytest: simple powerful testing with Python"
name = "pytest"
optional = false
python-versions = ">=2.7, !=3.0.*, !=3.1.*, !=3.2.*, !=3.3.*"
version = "3.10.1"

[package.dependencies]
atomicwrites = ">=1.0"
attrs = ">=17.4.0"
colorama = "*"
more-itertools = ">=4.0.0"
pluggy = ">=0.7"
py = ">=1.5.0"
setuptools = "*"
six = ">=1.10.0"

[[package]]
category = "dev"
description = "Pytest plugin for measuring coverage."
name = "pytest-cov"
optional = false
python-versions = ">=2.7, !=3.0.*, !=3.1.*, !=3.2.*, !=3.3.*, !=3.4.*"
version = "2.9.0"

[package.dependencies]
coverage = ">=4.4"
pytest = ">=3.6"

[package.extras]
testing = ["fields", "hunter", "process-tests (2.0.2)", "six", "pytest-xdist", "virtualenv"]

[[package]]
category = "dev"
description = "A python library adding a json log formatter"
name = "python-json-logger"
optional = false
python-versions = ">=2.7"
version = "0.1.11"

[[package]]
category = "dev"
description = "World timezone definitions, modern and historical"
name = "pytz"
optional = false
python-versions = "*"
version = "2020.1"

[[package]]
category = "dev"
description = "YAML parser and emitter for Python"
name = "pyyaml"
optional = false
python-versions = ">=2.7, !=3.0.*, !=3.1.*, !=3.2.*, !=3.3.*, !=3.4.*"
version = "5.3.1"

[[package]]
category = "dev"
description = "Python HTTP for Humans."
name = "requests"
optional = false
python-versions = ">=2.7, !=3.0.*, !=3.1.*, !=3.2.*, !=3.3.*, !=3.4.*"
version = "2.24.0"

[package.dependencies]
certifi = ">=2017.4.17"
chardet = ">=3.0.2,<4"
idna = ">=2.5,<3"
urllib3 = ">=1.21.1,<1.25.0 || >1.25.0,<1.25.1 || >1.25.1,<1.26"

[package.extras]
security = ["pyOpenSSL (>=0.14)", "cryptography (>=1.3.4)"]
socks = ["PySocks (>=1.5.6,<1.5.7 || >1.5.7)", "win-inet-pton"]

[[package]]
category = "dev"
description = "Python 2 and 3 compatibility utilities"
name = "six"
optional = false
python-versions = ">=2.7, !=3.0.*, !=3.1.*, !=3.2.*"
version = "1.15.0"

[[package]]
category = "dev"
description = "A pure Python implementation of a sliding window memory map manager"
name = "smmap"
optional = false
python-versions = ">=2.7, !=3.0.*, !=3.1.*, !=3.2.*, !=3.3.*"
version = "3.0.4"

[[package]]
category = "dev"
description = "Searches through git repositories for high entropy strings, digging deep into commit history."
name = "trufflehog"
optional = false
python-versions = "*"
version = "2.1.11"

[package.dependencies]
GitPython = "3.0.6"
truffleHogRegexes = "0.0.7"

[[package]]
category = "dev"
description = "These regexes power truffleHog."
name = "trufflehogregexes"
optional = false
python-versions = "*"
version = "0.0.7"

[[package]]
category = "dev"
description = "HTTP library with thread-safe connection pooling, file post, and more."
name = "urllib3"
optional = false
python-versions = ">=2.7, !=3.0.*, !=3.1.*, !=3.2.*, !=3.3.*, !=3.4.*, <4"
version = "1.25.9"

[package.extras]
brotli = ["brotlipy (>=0.6.0)"]
secure = ["certifi", "cryptography (>=1.3.4)", "idna (>=2.0.0)", "pyOpenSSL (>=0.14)", "ipaddress"]
socks = ["PySocks (>=1.5.6,<1.5.7 || >1.5.7,<2.0)"]

[[package]]
category = "dev"
description = "Module for decorators, wrappers and monkey patching."
name = "wrapt"
optional = false
python-versions = "*"
version = "1.12.1"

[[package]]
category = "dev"
description = "Backport of pathlib-compatible object wrapper for zip files"
marker = "python_version < \"3.8\""
name = "zipp"
optional = false
python-versions = ">=3.6"
version = "3.1.0"

[package.extras]
docs = ["sphinx", "jaraco.packaging (>=3.2)", "rst.linker (>=1.9)"]
testing = ["jaraco.itertools", "func-timeout"]

[metadata]
content-hash = "6b90402ea0f8beff062ce47393b6a8d21c992107c7606c9e25afb84cc273be0a"
python-versions = "^3.6"

[metadata.files]
atomicwrites = [
    {file = "atomicwrites-1.4.0-py2.py3-none-any.whl", hash = "sha256:6d1784dea7c0c8d4a5172b6c620f40b6e4cbfdf96d783691f2e1302a7b88e197"},
    {file = "atomicwrites-1.4.0.tar.gz", hash = "sha256:ae70396ad1a434f9c7046fd2dd196fc04b12f9e91ffb859164193be8b6168a7a"},
]
attrs = [
    {file = "attrs-19.3.0-py2.py3-none-any.whl", hash = "sha256:08a96c641c3a74e44eb59afb61a24f2cb9f4d7188748e76ba4bb5edfa3cb7d1c"},
    {file = "attrs-19.3.0.tar.gz", hash = "sha256:f7b7ce16570fe9965acd6d30101a28f62fb4a7f9e926b3bbc9b61f8b04247e72"},
]
cdislogging = [
    {file = "cdislogging-1.0.0.tar.gz", hash = "sha256:a1cc2e48d5fc26d4b354b80c6497f1f1136f3e3e4f1d1855de8980ccf497fa0a"},
]
certifi = [
    {file = "certifi-2020.6.20-py2.py3-none-any.whl", hash = "sha256:8fc0819f1f30ba15bdb34cceffb9ef04d99f420f68eb75d901e9560b8749fc41"},
    {file = "certifi-2020.6.20.tar.gz", hash = "sha256:5930595817496dd21bb8dc35dad090f1c2cd0adfaf21204bf6732ca5d8ee34d3"},
]
chardet = [
    {file = "chardet-3.0.4-py2.py3-none-any.whl", hash = "sha256:fc323ffcaeaed0e0a02bf4d117757b98aed530d9ed4531e3e15460124c106691"},
    {file = "chardet-3.0.4.tar.gz", hash = "sha256:84ab92ed1c4d4f16916e05906b6b75a6c0fb5db821cc65e70cbd64a3e2a5eaae"},
]
click = [
    {file = "click-7.1.2-py2.py3-none-any.whl", hash = "sha256:dacca89f4bfadd5de3d7489b7c8a566eee0d3676333fbb50030263894c38c0dc"},
    {file = "click-7.1.2.tar.gz", hash = "sha256:d2b5255c7c6349bc1bd1e59e08cd12acbbd63ce649f2588755783aa94dfb6b1a"},
]
codacy-coverage = [
    {file = "codacy-coverage-1.3.11.tar.gz", hash = "sha256:b94651934745c638a980ad8d67494077e60f71e19e29aad1c275b66e0a070cbc"},
    {file = "codacy_coverage-1.3.11-py2.py3-none-any.whl", hash = "sha256:d8a1ce56b0dd156d6b1de14fa6217d32ec86097902f08a17ff2f95ba27264474"},
]
colorama = [
    {file = "colorama-0.4.3-py2.py3-none-any.whl", hash = "sha256:7d73d2a99753107a36ac6b455ee49046802e59d9d076ef8e47b61499fa29afff"},
    {file = "colorama-0.4.3.tar.gz", hash = "sha256:e96da0d330793e2cb9485e9ddfd918d456036c7149416295932478192f4436a1"},
]
coverage = [
    {file = "coverage-5.2-cp27-cp27m-macosx_10_13_intel.whl", hash = "sha256:d9ad0a988ae20face62520785ec3595a5e64f35a21762a57d115dae0b8fb894a"},
    {file = "coverage-5.2-cp27-cp27m-macosx_10_9_x86_64.whl", hash = "sha256:4bb385a747e6ae8a65290b3df60d6c8a692a5599dc66c9fa3520e667886f2e10"},
    {file = "coverage-5.2-cp27-cp27m-manylinux1_i686.whl", hash = "sha256:9702e2cb1c6dec01fb8e1a64c015817c0800a6eca287552c47a5ee0ebddccf62"},
    {file = "coverage-5.2-cp27-cp27m-manylinux1_x86_64.whl", hash = "sha256:42fa45a29f1059eda4d3c7b509589cc0343cd6bbf083d6118216830cd1a51613"},
    {file = "coverage-5.2-cp27-cp27m-win32.whl", hash = "sha256:41d88736c42f4a22c494c32cc48a05828236e37c991bd9760f8923415e3169e4"},
    {file = "coverage-5.2-cp27-cp27m-win_amd64.whl", hash = "sha256:bbb387811f7a18bdc61a2ea3d102be0c7e239b0db9c83be7bfa50f095db5b92a"},
    {file = "coverage-5.2-cp27-cp27mu-manylinux1_i686.whl", hash = "sha256:3740b796015b889e46c260ff18b84683fa2e30f0f75a171fb10d2bf9fb91fc70"},
    {file = "coverage-5.2-cp27-cp27mu-manylinux1_x86_64.whl", hash = "sha256:ebf2431b2d457ae5217f3a1179533c456f3272ded16f8ed0b32961a6d90e38ee"},
    {file = "coverage-5.2-cp35-cp35m-macosx_10_13_x86_64.whl", hash = "sha256:d54d7ea74cc00482a2410d63bf10aa34ebe1c49ac50779652106c867f9986d6b"},
    {file = "coverage-5.2-cp35-cp35m-manylinux1_i686.whl", hash = "sha256:87bdc8135b8ee739840eee19b184804e5d57f518578ffc797f5afa2c3c297913"},
    {file = "coverage-5.2-cp35-cp35m-manylinux1_x86_64.whl", hash = "sha256:ed9a21502e9223f563e071759f769c3d6a2e1ba5328c31e86830368e8d78bc9c"},
    {file = "coverage-5.2-cp35-cp35m-win32.whl", hash = "sha256:509294f3e76d3f26b35083973fbc952e01e1727656d979b11182f273f08aa80b"},
    {file = "coverage-5.2-cp35-cp35m-win_amd64.whl", hash = "sha256:ca63dae130a2e788f2b249200f01d7fa240f24da0596501d387a50e57aa7075e"},
    {file = "coverage-5.2-cp36-cp36m-macosx_10_13_x86_64.whl", hash = "sha256:5c74c5b6045969b07c9fb36b665c9cac84d6c174a809fc1b21bdc06c7836d9a0"},
    {file = "coverage-5.2-cp36-cp36m-manylinux1_i686.whl", hash = "sha256:c32aa13cc3fe86b0f744dfe35a7f879ee33ac0a560684fef0f3e1580352b818f"},
    {file = "coverage-5.2-cp36-cp36m-manylinux1_x86_64.whl", hash = "sha256:1e58fca3d9ec1a423f1b7f2aa34af4f733cbfa9020c8fe39ca451b6071237405"},
    {file = "coverage-5.2-cp36-cp36m-win32.whl", hash = "sha256:3b2c34690f613525672697910894b60d15800ac7e779fbd0fccf532486c1ba40"},
    {file = "coverage-5.2-cp36-cp36m-win_amd64.whl", hash = "sha256:a4d511012beb967a39580ba7d2549edf1e6865a33e5fe51e4dce550522b3ac0e"},
    {file = "coverage-5.2-cp37-cp37m-macosx_10_13_x86_64.whl", hash = "sha256:32ecee61a43be509b91a526819717d5e5650e009a8d5eda8631a59c721d5f3b6"},
    {file = "coverage-5.2-cp37-cp37m-manylinux1_i686.whl", hash = "sha256:6f91b4492c5cde83bfe462f5b2b997cdf96a138f7c58b1140f05de5751623cf1"},
    {file = "coverage-5.2-cp37-cp37m-manylinux1_x86_64.whl", hash = "sha256:bfcc811883699ed49afc58b1ed9f80428a18eb9166422bce3c31a53dba00fd1d"},
    {file = "coverage-5.2-cp37-cp37m-win32.whl", hash = "sha256:60a3d36297b65c7f78329b80120f72947140f45b5c7a017ea730f9112b40f2ec"},
    {file = "coverage-5.2-cp37-cp37m-win_amd64.whl", hash = "sha256:12eaccd86d9a373aea59869bc9cfa0ab6ba8b1477752110cb4c10d165474f703"},
    {file = "coverage-5.2-cp38-cp38-macosx_10_13_x86_64.whl", hash = "sha256:d82db1b9a92cb5c67661ca6616bdca6ff931deceebb98eecbd328812dab52032"},
    {file = "coverage-5.2-cp38-cp38-manylinux1_i686.whl", hash = "sha256:214eb2110217f2636a9329bc766507ab71a3a06a8ea30cdeebb47c24dce5972d"},
    {file = "coverage-5.2-cp38-cp38-manylinux1_x86_64.whl", hash = "sha256:8a3decd12e7934d0254939e2bf434bf04a5890c5bf91a982685021786a08087e"},
    {file = "coverage-5.2-cp38-cp38-win32.whl", hash = "sha256:1dcebae667b73fd4aa69237e6afb39abc2f27520f2358590c1b13dd90e32abe7"},
    {file = "coverage-5.2-cp38-cp38-win_amd64.whl", hash = "sha256:f50632ef2d749f541ca8e6c07c9928a37f87505ce3a9f20c8446ad310f1aa87b"},
    {file = "coverage-5.2-cp39-cp39-macosx_10_13_x86_64.whl", hash = "sha256:7403675df5e27745571aba1c957c7da2dacb537c21e14007ec3a417bf31f7f3d"},
    {file = "coverage-5.2-cp39-cp39-manylinux1_i686.whl", hash = "sha256:0fc4e0d91350d6f43ef6a61f64a48e917637e1dcfcba4b4b7d543c628ef82c2d"},
    {file = "coverage-5.2-cp39-cp39-manylinux1_x86_64.whl", hash = "sha256:25fe74b5b2f1b4abb11e103bb7984daca8f8292683957d0738cd692f6a7cc64c"},
    {file = "coverage-5.2-cp39-cp39-win32.whl", hash = "sha256:d67599521dff98ec8c34cd9652cbcfe16ed076a2209625fca9dc7419b6370e5c"},
    {file = "coverage-5.2-cp39-cp39-win_amd64.whl", hash = "sha256:10f2a618a6e75adf64329f828a6a5b40244c1c50f5ef4ce4109e904e69c71bd2"},
    {file = "coverage-5.2.tar.gz", hash = "sha256:1874bdc943654ba46d28f179c1846f5710eda3aeb265ff029e0ac2b52daae404"},
]
deprecated = [
    {file = "Deprecated-1.2.10-py2.py3-none-any.whl", hash = "sha256:a766c1dccb30c5f6eb2b203f87edd1d8588847709c78589e1521d769addc8218"},
    {file = "Deprecated-1.2.10.tar.gz", hash = "sha256:525ba66fb5f90b07169fdd48b6373c18f1ee12728ca277ca44567a367d9d7f74"},
]
dictionaryutils = [
    {file = "dictionaryutils-3.2.0-py3.6.egg", hash = "sha256:5454a9ec232662b38f315a3c0103ea57a2993a48ba1b4a3f180e8ed888383cb0"},
    {file = "dictionaryutils-3.2.0.tar.gz", hash = "sha256:e1949e5ec6183f94c4841c296c91c8cf86139504625d849d089e2f49b726734b"},
]
fastavro = [
    {file = "fastavro-0.23.5-cp27-cp27m-macosx_10_14_x86_64.whl", hash = "sha256:30b81cdefb16a8fbc422454bc9bbb62a12e0632515cc0c1543db8de5b8aa2712"},
    {file = "fastavro-0.23.5-cp27-cp27m-manylinux2010_x86_64.whl", hash = "sha256:5741d0f9724dd5202999b86b679ec02df1598332f73d1508772a9e440c9c3db7"},
    {file = "fastavro-0.23.5-cp27-cp27m-win32.whl", hash = "sha256:932d44bf1dbda73992c26a9d508df6a1d8fff44164aad7bead80384e2d066903"},
    {file = "fastavro-0.23.5-cp27-cp27m-win_amd64.whl", hash = "sha256:0c6928b66c2812c35ec211aae399bbc8d240b85867deef4b54ea96d0875ada45"},
    {file = "fastavro-0.23.5-cp27-cp27mu-manylinux2010_x86_64.whl", hash = "sha256:c0239620e78022b03d835ea4441f101786037ffc8658c6f6a6c5a0b42acea951"},
    {file = "fastavro-0.23.5-cp35-cp35m-macosx_10_14_x86_64.whl", hash = "sha256:4f211e0d76973b5130f98509edd68d943f016a4b958af9a3eaeabfdb969b0ef8"},
    {file = "fastavro-0.23.5-cp35-cp35m-manylinux2010_x86_64.whl", hash = "sha256:c4fe936709411551725644bc793fa050bd70657f2c128b8feae056c958b42e7f"},
    {file = "fastavro-0.23.5-cp35-cp35m-win32.whl", hash = "sha256:6ca20e168e3875a2dc349ab77dbe32e8b60bf1b72f2feac06761a17d3891160b"},
    {file = "fastavro-0.23.5-cp35-cp35m-win_amd64.whl", hash = "sha256:bf02ee23ed0d1b99ae2326a44332245d1fb3ec0f601fe38e3211c975d3341d5b"},
    {file = "fastavro-0.23.5-cp36-cp36m-macosx_10_14_x86_64.whl", hash = "sha256:f23d297e37901edf2b41df50a9005f04f65a0351c683c0aee38f406b25569ce5"},
    {file = "fastavro-0.23.5-cp36-cp36m-manylinux2010_x86_64.whl", hash = "sha256:b805e7b0e6111aea8a9ddaf9ae181ddcc382c78b1e338513b67b395dd2a4099b"},
    {file = "fastavro-0.23.5-cp36-cp36m-win32.whl", hash = "sha256:d24370f1a0debcd87b113bc73a16d3949d8396c7143a4cd74e4384360d264e29"},
    {file = "fastavro-0.23.5-cp36-cp36m-win_amd64.whl", hash = "sha256:9257570c4fe088e1610b8f5779dc79622d32f0151dc018594a0cf7219ad744bb"},
    {file = "fastavro-0.23.5-cp37-cp37m-macosx_10_14_x86_64.whl", hash = "sha256:f32c1f4a5484ae2aed38f7e502ca7451303c97453bc925c065558483d053866a"},
    {file = "fastavro-0.23.5-cp37-cp37m-manylinux2010_x86_64.whl", hash = "sha256:ecf3f41ca6d611b72f50018263f8ea341f69118d26eebb92893e5de45c9b309d"},
    {file = "fastavro-0.23.5-cp37-cp37m-win32.whl", hash = "sha256:a5de4f0d309de9119de98edbf807ff4fe13c033629a7c9e771611a7e3bb8cc31"},
    {file = "fastavro-0.23.5-cp37-cp37m-win_amd64.whl", hash = "sha256:2785002f551956582481c7a2432d7418f82cda328e5b3730750016d69352a3dc"},
    {file = "fastavro-0.23.5-cp38-cp38-macosx_10_14_x86_64.whl", hash = "sha256:15f1b00a996610dec2f587a896175a21913c83a037c3f419bde9b15c32feca78"},
    {file = "fastavro-0.23.5-cp38-cp38-manylinux2010_x86_64.whl", hash = "sha256:fc7d1bc3fa4d3cc586ef1981749ed3d7d9be38401662a9c54e9912d343ee7f67"},
    {file = "fastavro-0.23.5-cp38-cp38-win32.whl", hash = "sha256:9e32736413341cebaa548bf6b30e26a99925212a87dd936c53c108f558cf3d19"},
    {file = "fastavro-0.23.5-cp38-cp38-win_amd64.whl", hash = "sha256:e65db58b7d295304c51d55e8ba95d4c6cbb6d1afc81acc8f41dc9491fc3a0be4"},
    {file = "fastavro-0.23.5.tar.gz", hash = "sha256:2e283274bb79e6b8101a2f97fa519b392512ac013afdc5ebd1f698c7ec087fa4"},
]
gdcdictionary = [
    {file = "gdcdictionary-1.2.0-py2.7.egg", hash = "sha256:596e82fead5653beb8296ca505fb9f6e3d51c631e6605312406b4118fc7c42ae"},
    {file = "gdcdictionary-1.2.0.tar.gz", hash = "sha256:02357752c0a8bd5d820539a0f9648b64eef4523ee3a130e45e915c4d4801a183"},
]
gen3git = [
    {file = "gen3git-0.3.3.tar.gz", hash = "sha256:8bae51fcbaf6ce2dafcc36273e3b5f85cef059fcb0148653dfdc7c3be7550036"},
]
gitdb = [
    {file = "gitdb-4.0.5-py3-none-any.whl", hash = "sha256:91f36bfb1ab7949b3b40e23736db18231bf7593edada2ba5c3a174a7b23657ac"},
    {file = "gitdb-4.0.5.tar.gz", hash = "sha256:c9e1f2d0db7ddb9a704c2a0217be31214e91a4fe1dea1efad19ae42ba0c285c9"},
]
gitdb2 = [
    {file = "gitdb2-4.0.2-py3-none-any.whl", hash = "sha256:a1c974e5fab8c2c90192c1367c81cbc54baec04244bda1816e9c8ab377d1cba3"},
    {file = "gitdb2-4.0.2.tar.gz", hash = "sha256:0986cb4003de743f2b3aba4c828edd1ab58ce98e1c4a8acf72ef02760d4beb4e"},
]
gitpython = [
    {file = "GitPython-3.0.6-py3-none-any.whl", hash = "sha256:5b5b7b29baa27680a7dff85f171a251d48ac37c5f04cba15d381b56991cc7a48"},
]
idna = [
    {file = "idna-2.10-py2.py3-none-any.whl", hash = "sha256:b97d804b1e9b523befed77c48dacec60e6dcb0b5391d57af6a65a312a90648c0"},
    {file = "idna-2.10.tar.gz", hash = "sha256:b307872f855b18632ce0c21c5e45be78c0ea7ae4c15c828c20788b26921eb3f6"},
]
importlib-metadata = [
    {file = "importlib_metadata-1.7.0-py2.py3-none-any.whl", hash = "sha256:dc15b2969b4ce36305c51eebe62d418ac7791e9a157911d58bfb1f9ccd8e2070"},
    {file = "importlib_metadata-1.7.0.tar.gz", hash = "sha256:90bb658cdbbf6d1735b6341ce708fc7024a3e14e99ffdc5783edea9f9b077f83"},
]
jsonschema = [
    {file = "jsonschema-3.2.0-py2.py3-none-any.whl", hash = "sha256:4e5b3cf8216f577bee9ce139cbe72eca3ea4f292ec60928ff24758ce626cd163"},
    {file = "jsonschema-3.2.0.tar.gz", hash = "sha256:c8a85b28d377cc7737e46e2d9f2b4f44ee3c0e1deac6bf46ddefc7187d30797a"},
]
more-itertools = [
    {file = "more-itertools-5.0.0.tar.gz", hash = "sha256:38a936c0a6d98a38bcc2d03fdaaedaba9f412879461dd2ceff8d37564d6522e4"},
    {file = "more_itertools-5.0.0-py2-none-any.whl", hash = "sha256:c0a5785b1109a6bd7fac76d6837fd1feca158e54e521ccd2ae8bfe393cc9d4fc"},
    {file = "more_itertools-5.0.0-py3-none-any.whl", hash = "sha256:fe7a7cae1ccb57d33952113ff4fa1bc5f879963600ed74918f1236e212ee50b9"},
]
pluggy = [
    {file = "pluggy-0.13.1-py2.py3-none-any.whl", hash = "sha256:966c145cd83c96502c3c3868f50408687b38434af77734af1e9ca461a4081d2d"},
    {file = "pluggy-0.13.1.tar.gz", hash = "sha256:15b2acde666561e1298d71b523007ed7364de07029219b604cf808bfa1c765b0"},
]
py = [
    {file = "py-1.9.0-py2.py3-none-any.whl", hash = "sha256:366389d1db726cd2fcfc79732e75410e5fe4d31db13692115529d34069a043c2"},
    {file = "py-1.9.0.tar.gz", hash = "sha256:9ca6883ce56b4e8da7e79ac18787889fa5206c79dcc67fb065376cd2fe03f342"},
]
pygithub = [
    {file = "PyGithub-1.51-py3-none-any.whl", hash = "sha256:8375a058ec651cc0774244a3bc7395cf93617298735934cdd59e5bcd9a1df96e"},
    {file = "PyGithub-1.51.tar.gz", hash = "sha256:d2d17d1e3f4474e070353f201164685a95b5a92f5ee0897442504e399c7bc249"},
]
pyjwt = [
    {file = "PyJWT-1.7.1-py2.py3-none-any.whl", hash = "sha256:5c6eca3c2940464d106b99ba83b00c6add741c9becaec087fb7ccdefea71350e"},
    {file = "PyJWT-1.7.1.tar.gz", hash = "sha256:8d59a976fb773f3e6a39c85636357c4f0e242707394cadadd9814f5cbaa20e96"},
]
pyrsistent = [
    {file = "pyrsistent-0.16.0.tar.gz", hash = "sha256:28669905fe725965daa16184933676547c5bb40a5153055a8dee2a4bd7933ad3"},
]
pytest = [
    {file = "pytest-3.10.1-py2.py3-none-any.whl", hash = "sha256:3f193df1cfe1d1609d4c583838bea3d532b18d6160fd3f55c9447fdca30848ec"},
    {file = "pytest-3.10.1.tar.gz", hash = "sha256:e246cf173c01169b9617fc07264b7b1316e78d7a650055235d6d897bc80d9660"},
]
pytest-cov = [
    {file = "pytest-cov-2.9.0.tar.gz", hash = "sha256:b6a814b8ed6247bd81ff47f038511b57fe1ce7f4cc25b9106f1a4b106f1d9322"},
    {file = "pytest_cov-2.9.0-py2.py3-none-any.whl", hash = "sha256:c87dfd8465d865655a8213859f1b4749b43448b5fae465cb981e16d52a811424"},
]
python-json-logger = [
    {file = "python-json-logger-0.1.11.tar.gz", hash = "sha256:b7a31162f2a01965a5efb94453ce69230ed208468b0bbc7fdfc56e6d8df2e281"},
]
pytz = [
    {file = "pytz-2020.1-py2.py3-none-any.whl", hash = "sha256:a494d53b6d39c3c6e44c3bec237336e14305e4f29bbf800b599253057fbb79ed"},
    {file = "pytz-2020.1.tar.gz", hash = "sha256:c35965d010ce31b23eeb663ed3cc8c906275d6be1a34393a1d73a41febf4a048"},
]
pyyaml = [
    {file = "PyYAML-5.3.1-cp27-cp27m-win32.whl", hash = "sha256:74809a57b329d6cc0fdccee6318f44b9b8649961fa73144a98735b0aaf029f1f"},
    {file = "PyYAML-5.3.1-cp27-cp27m-win_amd64.whl", hash = "sha256:240097ff019d7c70a4922b6869d8a86407758333f02203e0fc6ff79c5dcede76"},
    {file = "PyYAML-5.3.1-cp35-cp35m-win32.whl", hash = "sha256:4f4b913ca1a7319b33cfb1369e91e50354d6f07a135f3b901aca02aa95940bd2"},
    {file = "PyYAML-5.3.1-cp35-cp35m-win_amd64.whl", hash = "sha256:cc8955cfbfc7a115fa81d85284ee61147059a753344bc51098f3ccd69b0d7e0c"},
    {file = "PyYAML-5.3.1-cp36-cp36m-win32.whl", hash = "sha256:7739fc0fa8205b3ee8808aea45e968bc90082c10aef6ea95e855e10abf4a37b2"},
    {file = "PyYAML-5.3.1-cp36-cp36m-win_amd64.whl", hash = "sha256:69f00dca373f240f842b2931fb2c7e14ddbacd1397d57157a9b005a6a9942648"},
    {file = "PyYAML-5.3.1-cp37-cp37m-win32.whl", hash = "sha256:d13155f591e6fcc1ec3b30685d50bf0711574e2c0dfffd7644babf8b5102ca1a"},
    {file = "PyYAML-5.3.1-cp37-cp37m-win_amd64.whl", hash = "sha256:73f099454b799e05e5ab51423c7bcf361c58d3206fa7b0d555426b1f4d9a3eaf"},
    {file = "PyYAML-5.3.1-cp38-cp38-win32.whl", hash = "sha256:06a0d7ba600ce0b2d2fe2e78453a470b5a6e000a985dd4a4e54e436cc36b0e97"},
    {file = "PyYAML-5.3.1-cp38-cp38-win_amd64.whl", hash = "sha256:95f71d2af0ff4227885f7a6605c37fd53d3a106fcab511b8860ecca9fcf400ee"},
    {file = "PyYAML-5.3.1.tar.gz", hash = "sha256:b8eac752c5e14d3eca0e6dd9199cd627518cb5ec06add0de9d32baeee6fe645d"},
]
requests = [
    {file = "requests-2.24.0-py2.py3-none-any.whl", hash = "sha256:fe75cc94a9443b9246fc7049224f75604b113c36acb93f87b80ed42c44cbb898"},
    {file = "requests-2.24.0.tar.gz", hash = "sha256:b3559a131db72c33ee969480840fff4bb6dd111de7dd27c8ee1f820f4f00231b"},
]
six = [
    {file = "six-1.15.0-py2.py3-none-any.whl", hash = "sha256:8b74bedcbbbaca38ff6d7491d76f2b06b3592611af620f8426e82dddb04a5ced"},
    {file = "six-1.15.0.tar.gz", hash = "sha256:30639c035cdb23534cd4aa2dd52c3bf48f06e5f4a941509c8bafd8ce11080259"},
]
smmap = [
    {file = "smmap-3.0.4-py2.py3-none-any.whl", hash = "sha256:54c44c197c819d5ef1991799a7e30b662d1e520f2ac75c9efbeb54a742214cf4"},
    {file = "smmap-3.0.4.tar.gz", hash = "sha256:9c98bbd1f9786d22f14b3d4126894d56befb835ec90cef151af566c7e19b5d24"},
]
trufflehog = [
    {file = "truffleHog-2.1.11-py2.py3-none-any.whl", hash = "sha256:ec3433f6ad2bc1894a050ecf5f58f3f1978dea23ff56557ce25bb26564bde286"},
    {file = "truffleHog-2.1.11.tar.gz", hash = "sha256:53619f0c5be082abd377f987291ace80bc3b88f864972b1a30494780980f769e"},
]
trufflehogregexes = [
    {file = "truffleHogRegexes-0.0.7-py2.py3-none-any.whl", hash = "sha256:627e7cd246153135dea86bacd1253df262c525874f9008395ffe81eb63f92352"},
    {file = "truffleHogRegexes-0.0.7.tar.gz", hash = "sha256:b81dfc60c86c1e353f436a0e201fd88edb72d5a574615a7858485c59edf32405"},
]
urllib3 = [
    {file = "urllib3-1.25.9-py2.py3-none-any.whl", hash = "sha256:88206b0eb87e6d677d424843ac5209e3fb9d0190d0ee169599165ec25e9d9115"},
    {file = "urllib3-1.25.9.tar.gz", hash = "sha256:3018294ebefce6572a474f0604c2021e33b3fd8006ecd11d62107a5d2a963527"},
]
wrapt = [
    {file = "wrapt-1.12.1.tar.gz", hash = "sha256:b62ffa81fb85f4332a4f609cab4ac40709470da05643a082ec1eb88e6d9b97d7"},
]
zipp = [
    {file = "zipp-3.1.0-py3-none-any.whl", hash = "sha256:aa36550ff0c0b7ef7fa639055d797116ee891440eac1a56f378e2d3179e0320b"},
    {file = "zipp-3.1.0.tar.gz", hash = "sha256:c599e4d75c98f6798c509911d08a22e6c021d074469042177c8c86fb92eefd96"},
]
